
Microsoft Visual Studio Solution File, Format Version 12.00
# Visual Studio Version 17
VisualStudioVersion = 17.5.002.0
MinimumVisualStudioVersion = 10.0.40219.1
Project("{9A19103F-16F7-4668-BE54-9A1E7A4F7556}") = "CS2DropKnife", "CS2DropKnife.csproj", "{267801C3-1AC7-4788-B317-3AF94D85FAAF}"
EndProject
Global
	GlobalSection(SolutionConfigurationPlatforms) = preSolution
		Debug|Any CPU = Debug|Any CPU
		Release|Any CPU = Release|Any CPU
	EndGlobalSection
	GlobalSection(ProjectConfigurationPlatforms) = postSolution
		{267801C3-1AC7-4788-B317-3AF94D85FAAF}.Debug|Any CPU.ActiveCfg = Debug|Any CPU
		{267801C3-1AC7-4788-B317-3AF94D85FAAF}.Debug|Any CPU.Build.0 = Debug|Any CPU
		{267801C3-1AC7-4788-B317-3AF94D85FAAF}.Release|Any CPU.ActiveCfg = Release|Any CPU
		{267801C3-1AC7-4788-B317-3AF94D85FAAF}.Release|Any CPU.Build.0 = Release|Any CPU
	EndGlobalSection
	GlobalSection(SolutionProperties) = preSolution
		HideSolutionNode = FALSE
	EndGlobalSection
	GlobalSection(ExtensibilityGlobals) = postSolution
		SolutionGuid = {A51B1C9B-5091-4841-91E8-56E7799B4F07}
	EndGlobalSection
EndGlobal
